# This file is automatically @generated by Cargo.
# It is not intended for manual editing.
version = 3

[[package]]
name = "ahash"
version = "0.8.3"
source = "registry+https://github.com/rust-lang/crates.io-index"
checksum = "2c99f64d1e06488f620f932677e24bc6e2897582980441ae90a671415bd7ec2f"
dependencies = [
 "cfg-if 1.0.0",
 "once_cell",
 "version_check",
]

[[package]]
name = "aho-corasick"
version = "0.7.6"
source = "registry+https://github.com/rust-lang/crates.io-index"
checksum = "58fb5e95d83b38284460a5fda7d6470aa0b8844d283a0b614b8535e880800d2d"
dependencies = [
 "memchr",
]

[[package]]
name = "alga"
version = "0.9.3"
source = "registry+https://github.com/rust-lang/crates.io-index"
checksum = "4f823d037a7ec6ea2197046bafd4ae150e6bc36f9ca347404f46a46823fa84f2"
dependencies = [
 "approx",
 "num-complex 0.2.4",
 "num-traits",
]

[[package]]
name = "ansi_term"
version = "0.12.1"
source = "registry+https://github.com/rust-lang/crates.io-index"
checksum = "d52a9bb7ec0cf484c551830a7ce27bd20d67eac647e1befb56b0be4ee39a55d2"
dependencies = [
 "winapi",
]

[[package]]
name = "approx"
version = "0.3.2"
source = "registry+https://github.com/rust-lang/crates.io-index"
checksum = "f0e60b75072ecd4168020818c0107f2857bb6c4e64252d8d3983f6263b40a5c3"
dependencies = [
 "num-traits",
]

[[package]]
name = "arrayvec"
version = "0.4.12"
source = "registry+https://github.com/rust-lang/crates.io-index"
checksum = "cd9fd44efafa8690358b7408d253adf110036b88f55672a933f01d616ad9b1b9"
dependencies = [
 "nodrop",
]

[[package]]
name = "atty"
version = "0.2.13"
source = "registry+https://github.com/rust-lang/crates.io-index"
checksum = "1803c647a3ec87095e7ae7acfca019e98de5ec9a7d01343f611cf3152ed71a90"
dependencies = [
 "libc",
 "winapi",
]

[[package]]
name = "autocfg"
version = "0.1.8"
source = "registry+https://github.com/rust-lang/crates.io-index"
checksum = "0dde43e75fd43e8a1bf86103336bc699aa8d17ad1be60c76c0bdfd4828e19b78"
dependencies = [
 "autocfg 1.1.0",
]

[[package]]
name = "autocfg"
version = "1.1.0"
source = "registry+https://github.com/rust-lang/crates.io-index"
checksum = "d468802bab17cbc0cc575e9b053f41e72aa36bfa6b7f55e3529ffa43161b97fa"

[[package]]
name = "bindgen"
version = "0.60.1"
source = "registry+https://github.com/rust-lang/crates.io-index"
checksum = "062dddbc1ba4aca46de6338e2bf87771414c335f7b2f2036e8f3e9befebf88e6"
dependencies = [
 "bitflags",
 "cexpr",
 "clang-sys",
 "clap 3.2.23",
 "env_logger",
 "lazy_static",
 "lazycell",
 "log",
 "peeking_take_while",
 "proc-macro2",
 "quote",
 "regex",
 "rustc-hash",
 "shlex",
 "which",
]

[[package]]
name = "bitflags"
version = "1.2.1"
source = "registry+https://github.com/rust-lang/crates.io-index"
checksum = "cf1de2fe8c75bc145a2f577add951f8134889b4795d47466a54a5c846d691693"

[[package]]
name = "build-probe-mpi"
version = "0.1.2"
source = "registry+https://github.com/rust-lang/crates.io-index"
checksum = "3ef5d9b6e9be84aaaf71212eccd26cc7196a5bcb408dad47bf41782f1e75e62b"
dependencies = [
 "pkg-config",
]

[[package]]
name = "byteorder"
version = "1.3.2"
source = "registry+https://github.com/rust-lang/crates.io-index"
checksum = "a7c3dd8985a7111efc5c80b44e23ecdd8c007de8ade3b96595387e812b957cf5"

[[package]]
name = "cc"
version = "1.0.79"
source = "registry+https://github.com/rust-lang/crates.io-index"
checksum = "50d30906286121d95be3d479533b458f87493b30a4b5f79a607db8f5d11aa91f"

[[package]]
name = "cexpr"
version = "0.6.0"
source = "registry+https://github.com/rust-lang/crates.io-index"
checksum = "6fac387a98bb7c37292057cffc56d62ecb629900026402633ae9160df93a8766"
dependencies = [
 "nom",
]

[[package]]
name = "cfg-if"
version = "0.1.10"
source = "registry+https://github.com/rust-lang/crates.io-index"
checksum = "4785bdd1c96b2a846b2bd7cc02e86b6b3dbf14e7e53446c4f54c92a361040822"

[[package]]
name = "cfg-if"
version = "1.0.0"
source = "registry+https://github.com/rust-lang/crates.io-index"
checksum = "baf1de4339761588bc0619e3cbc0120ee582ebb74b53b4efbf79117bd2da40fd"

[[package]]
name = "clang-sys"
version = "1.6.1"
source = "registry+https://github.com/rust-lang/crates.io-index"
checksum = "c688fc74432808e3eb684cae8830a86be1d66a2bd58e1f248ed0960a590baf6f"
dependencies = [
 "glob",
 "libc",
 "libloading",
]

[[package]]
name = "clap"
version = "2.34.0"
source = "registry+https://github.com/rust-lang/crates.io-index"
checksum = "a0610544180c38b88101fecf2dd634b174a62eef6946f84dfc6a7127512b381c"
dependencies = [
 "ansi_term",
 "atty",
 "bitflags",
 "strsim 0.8.0",
 "textwrap 0.11.0",
 "unicode-width",
 "vec_map",
]

[[package]]
name = "clap"
version = "3.2.23"
source = "registry+https://github.com/rust-lang/crates.io-index"
checksum = "71655c45cb9845d3270c9d6df84ebe72b4dad3c2ba3f7023ad47c144e4e473a5"
dependencies = [
 "atty",
 "bitflags",
 "clap_lex",
 "indexmap",
 "strsim 0.10.0",
 "termcolor",
 "textwrap 0.16.0",
]

[[package]]
name = "clap_lex"
version = "0.2.4"
source = "registry+https://github.com/rust-lang/crates.io-index"
checksum = "2850f2f5a82cbf437dd5af4d49848fbdfc27c157c3d010345776f952765261c5"
dependencies = [
 "os_str_bytes",
]

[[package]]
name = "cloudabi"
version = "0.0.3"
source = "registry+https://github.com/rust-lang/crates.io-index"
checksum = "ddfc5b9aa5d4507acaf872de71051dfd0e309860e88966e1051e462a077aac4f"
dependencies = [
 "bitflags",
]

[[package]]
name = "conv"
version = "0.3.3"
source = "registry+https://github.com/rust-lang/crates.io-index"
checksum = "78ff10625fd0ac447827aa30ea8b861fead473bb60aeb73af6c1c58caf0d1299"
dependencies = [
 "custom_derive",
]

[[package]]
name = "cpp"
version = "0.5.4"
source = "registry+https://github.com/rust-lang/crates.io-index"
checksum = "d0d94d130fd605c2df503d59a2784d8ecf8326d2311b50c848dff7bc7b1a61bd"
dependencies = [
 "cpp_macros",
]

[[package]]
name = "cpp_build"
version = "0.5.4"
source = "registry+https://github.com/rust-lang/crates.io-index"
checksum = "d7a67671b8ace8c2eeab3f6e00edd0bfab24026208fa5d039808d6b6efe4beb6"
dependencies = [
 "cc",
 "cpp_common",
 "lazy_static",
 "proc-macro2",
 "regex",
 "syn",
 "unicode-xid",
]

[[package]]
name = "cpp_common"
version = "0.5.4"
source = "registry+https://github.com/rust-lang/crates.io-index"
checksum = "6b827ced56ffc05f4c918858040091d26f4b4176c670270be85538fe58d89923"
dependencies = [
 "lazy_static",
 "proc-macro2",
 "syn",
]

[[package]]
name = "cpp_macros"
version = "0.5.4"
source = "registry+https://github.com/rust-lang/crates.io-index"
checksum = "a5c116686c51a8e0b0e0ad5e85121be6a26f175d3193e3507e0b2d8bed65190d"
dependencies = [
 "aho-corasick",
 "byteorder",
 "cpp_common",
 "if_rust_version",
 "lazy_static",
 "proc-macro2",
 "quote",
 "syn",
]

[[package]]
name = "crossbeam-deque"
version = "0.7.1"
source = "registry+https://github.com/rust-lang/crates.io-index"
checksum = "b18cd2e169ad86297e6bc0ad9aa679aee9daa4f19e8163860faf7c164e4f5a71"
dependencies = [
 "crossbeam-epoch",
 "crossbeam-utils",
]

[[package]]
name = "crossbeam-epoch"
version = "0.7.2"
source = "registry+https://github.com/rust-lang/crates.io-index"
checksum = "fedcd6772e37f3da2a9af9bf12ebe046c0dfe657992377b4df982a2b54cd37a9"
dependencies = [
 "arrayvec",
 "cfg-if 0.1.10",
 "crossbeam-utils",
 "lazy_static",
 "memoffset 0.5.2",
 "scopeguard",
]

[[package]]
name = "crossbeam-queue"
version = "0.1.2"
source = "registry+https://github.com/rust-lang/crates.io-index"
checksum = "7c979cd6cfe72335896575c6b5688da489e420d36a27a0b9eb0c73db574b4a4b"
dependencies = [
 "crossbeam-utils",
]

[[package]]
name = "crossbeam-utils"
version = "0.6.6"
source = "registry+https://github.com/rust-lang/crates.io-index"
checksum = "04973fa96e96579258a5091af6003abde64af786b860f18622b82e026cca60e6"
dependencies = [
 "cfg-if 0.1.10",
 "lazy_static",
]

[[package]]
name = "custom_derive"
version = "0.1.7"
source = "registry+https://github.com/rust-lang/crates.io-index"
checksum = "ef8ae57c4978a2acd8b869ce6b9ca1dfe817bff704c220209fdef2c0b75a01b9"

[[package]]
name = "either"
version = "1.8.1"
source = "registry+https://github.com/rust-lang/crates.io-index"
checksum = "7fcaabb2fef8c910e7f4c7ce9f67a1283a1715879a7c230ca9d6d1ae31f16d91"

[[package]]
name = "env_logger"
version = "0.9.3"
source = "registry+https://github.com/rust-lang/crates.io-index"
checksum = "a12e6657c4c97ebab115a42dcee77225f7f482cdd841cf7088c657a42e9e00e7"
dependencies = [
 "atty",
 "humantime",
 "log",
 "regex",
 "termcolor",
]

[[package]]
name = "fuchsia-cprng"
version = "0.1.1"
source = "registry+https://github.com/rust-lang/crates.io-index"
checksum = "a06f77d526c1a601b7c4cdd98f54b5eaabffc14d5f2f0296febdc7f357c6d3ba"

[[package]]
name = "generic-array"
version = "0.12.4"
source = "registry+https://github.com/rust-lang/crates.io-index"
checksum = "ffdf9f34f1447443d37393cc6c2b8313aebddcd96906caf34e54c68d8e57d7bd"
dependencies = [
 "typenum",
]

[[package]]
name = "glob"
version = "0.3.1"
source = "registry+https://github.com/rust-lang/crates.io-index"
checksum = "d2fabcfbdc87f4758337ca535fb41a6d701b65693ce38287d856d1674551ec9b"

[[package]]
name = "hashbrown"
version = "0.12.3"
source = "registry+https://github.com/rust-lang/crates.io-index"
checksum = "8a9ee70c43aaf417c914396645a0fa852624801b24ebb7ae78fe8272889ac888"

[[package]]
name = "hashbrown"
version = "0.13.2"
source = "registry+https://github.com/rust-lang/crates.io-index"
checksum = "43a3c133739dddd0d2990f9a4bdf8eb4b21ef50e4851ca85ab661199821d510e"
dependencies = [
 "ahash",
]

[[package]]
name = "hermit-abi"
version = "0.1.3"
source = "registry+https://github.com/rust-lang/crates.io-index"
checksum = "307c3c9f937f38e3534b1d6447ecf090cafcc9744e4a6360e8b037b2cf5af120"
dependencies = [
 "libc",
]

[[package]]
name = "humantime"
version = "2.1.0"
source = "registry+https://github.com/rust-lang/crates.io-index"
checksum = "9a3a5bfb195931eeb336b2a7b4d761daec841b97f947d34394601737a7bba5e4"

[[package]]
name = "if_rust_version"
version = "1.0.0"
source = "registry+https://github.com/rust-lang/crates.io-index"
checksum = "46dbcb333e86939721589d25a3557e180b52778cb33c7fdfe9e0158ff790d5ec"

[[package]]
name = "indexmap"
version = "1.9.3"
source = "registry+https://github.com/rust-lang/crates.io-index"
checksum = "bd070e393353796e801d209ad339e89596eb4c8d430d18ede6a1cced8fafbd99"
dependencies = [
 "autocfg 1.1.0",
 "hashbrown 0.12.3",
]

[[package]]
name = "lazy_static"
version = "1.4.0"
source = "registry+https://github.com/rust-lang/crates.io-index"
checksum = "e2abad23fbc42b3700f2f279844dc832adb2b2eb069b2df918f455c4e18cc646"

[[package]]
name = "lazycell"
version = "1.3.0"
source = "registry+https://github.com/rust-lang/crates.io-index"
checksum = "830d08ce1d1d941e6b30645f1a0eb5643013d835ce3779a5fc208261dbe10f55"

[[package]]
name = "libc"
version = "0.2.142"
source = "registry+https://github.com/rust-lang/crates.io-index"
checksum = "6a987beff54b60ffa6d51982e1aa1146bc42f19bd26be28b0586f252fccf5317"

[[package]]
name = "libffi"
version = "3.2.0"
source = "registry+https://github.com/rust-lang/crates.io-index"
checksum = "ce826c243048e3d5cec441799724de52e2d42f820468431fc3fceee2341871e2"
dependencies = [
 "libc",
 "libffi-sys",
]

[[package]]
name = "libffi-sys"
version = "2.2.1"
source = "registry+https://github.com/rust-lang/crates.io-index"
checksum = "dc65067b78c0fc069771e8b9a9e02df71e08858bec92c1f101377c67b9dca7c7"
dependencies = [
 "cc",
]

[[package]]
name = "libloading"
version = "0.7.4"
source = "registry+https://github.com/rust-lang/crates.io-index"
checksum = "b67380fd3b2fbe7527a606e18729d21c6f3951633d0500574c4dc22d2d638b9f"
dependencies = [
 "cfg-if 1.0.0",
 "winapi",
]

[[package]]
name = "libm"
version = "0.2.6"
source = "registry+https://github.com/rust-lang/crates.io-index"
checksum = "348108ab3fba42ec82ff6e9564fc4ca0247bdccdc68dd8af9764bbc79c3c8ffb"

[[package]]
name = "lock_api"
version = "0.4.9"
source = "registry+https://github.com/rust-lang/crates.io-index"
checksum = "435011366fe56583b16cf956f9df0095b405b82d76425bc8981c0e22e60ec4df"
dependencies = [
 "autocfg 1.1.0",
 "scopeguard",
]

[[package]]
name = "log"
version = "0.4.8"
source = "registry+https://github.com/rust-lang/crates.io-index"
checksum = "14b6052be84e6b71ab17edffc2eeabf5c2c3ae1fdb464aae35ac50c67a44e1f7"
dependencies = [
 "cfg-if 0.1.10",
]

[[package]]
name = "matrixmultiply"
version = "0.2.4"
source = "registry+https://github.com/rust-lang/crates.io-index"
checksum = "916806ba0031cd542105d916a97c8572e1fa6dd79c9c51e7eb43a09ec2dd84c1"
dependencies = [
 "rawpointer",
]

[[package]]
name = "memchr"
version = "2.5.0"
source = "registry+https://github.com/rust-lang/crates.io-index"
checksum = "2dffe52ecf27772e601905b7522cb4ef790d2cc203488bbd0e2fe85fcb74566d"

[[package]]
name = "memoffset"
version = "0.5.2"
source = "registry+https://github.com/rust-lang/crates.io-index"
checksum = "4a85c1a8c329f11437034d7313dca647c79096523533a1c79e86f1d0f657c7cc"
dependencies = [
 "rustc_version",
]

[[package]]
name = "memoffset"
version = "0.6.5"
source = "registry+https://github.com/rust-lang/crates.io-index"
checksum = "5aa361d4faea93603064a027415f07bd8e1d5c88c9fbf68bf56a285428fd79ce"
dependencies = [
 "autocfg 1.1.0",
]

[[package]]
name = "minimal-lexical"
version = "0.2.1"
source = "registry+https://github.com/rust-lang/crates.io-index"
checksum = "68354c5c6bd36d73ff3feceb05efa59b6acb7626617f4962be322a825e61f79a"

[[package]]
name = "mpi"
version = "0.6.0"
source = "registry+https://github.com/rust-lang/crates.io-index"
checksum = "e883559bf1447646672bff9704873453a87896b88066572118b9a5f4cac71e9a"
dependencies = [
 "build-probe-mpi",
 "conv",
 "libffi",
 "memoffset 0.6.5",
 "mpi-sys",
 "once_cell",
 "smallvec",
]

[[package]]
name = "mpi-sys"
version = "0.2.0"
source = "registry+https://github.com/rust-lang/crates.io-index"
checksum = "8963ac8a7cb1032b36d6d2b97613d4276d2bb86f64d657c568a4607ea01b6738"
dependencies = [
 "bindgen",
 "build-probe-mpi",
 "cc",
]

[[package]]
name = "nalgebra"
version = "0.18.1"
source = "registry+https://github.com/rust-lang/crates.io-index"
checksum = "aaa9fddbc34c8c35dd2108515587b8ce0cab396f17977b8c738568e4edb521a2"
dependencies = [
 "alga",
 "approx",
 "generic-array",
 "matrixmultiply",
 "num-complex 0.2.4",
 "num-rational 0.2.4",
 "num-traits",
 "rand",
 "typenum",
]

[[package]]
name = "nbody"
version = "0.2.0"
dependencies = [
 "clap 2.34.0",
 "cpp",
 "cpp_build",
 "cpp_common",
 "hashbrown 0.13.2",
 "lazy_static",
 "mpi",
 "nalgebra",
 "num",
 "parking_lot",
 "rand",
 "rayon",
 "sdl2",
 "seahash",
]

[[package]]
name = "nodrop"
version = "0.1.14"
source = "registry+https://github.com/rust-lang/crates.io-index"
checksum = "72ef4a56884ca558e5ddb05a1d1e7e1bfd9a68d9ed024c21704cc98872dae1bb"

[[package]]
name = "nom"
version = "7.1.3"
source = "registry+https://github.com/rust-lang/crates.io-index"
checksum = "d273983c5a657a70a3e8f2a01329822f3b8c8172b73826411a55751e404a0a4a"
dependencies = [
 "memchr",
 "minimal-lexical",
]

[[package]]
name = "num"
version = "0.4.0"
source = "registry+https://github.com/rust-lang/crates.io-index"
checksum = "43db66d1170d347f9a065114077f7dccb00c1b9478c89384490a3425279a4606"
dependencies = [
 "num-bigint",
 "num-complex 0.4.3",
 "num-integer",
 "num-iter",
 "num-rational 0.4.1",
 "num-traits",
]

[[package]]
name = "num-bigint"
version = "0.4.3"
source = "registry+https://github.com/rust-lang/crates.io-index"
checksum = "f93ab6289c7b344a8a9f60f88d80aa20032336fe78da341afc91c8a2341fc75f"
dependencies = [
 "autocfg 1.1.0",
 "num-integer",
 "num-traits",
]

[[package]]
name = "num-complex"
version = "0.2.4"
source = "registry+https://github.com/rust-lang/crates.io-index"
checksum = "b6b19411a9719e753aff12e5187b74d60d3dc449ec3f4dc21e3989c3f554bc95"
dependencies = [
 "autocfg 1.1.0",
 "num-traits",
]

[[package]]
name = "num-complex"
version = "0.4.3"
source = "registry+https://github.com/rust-lang/crates.io-index"
checksum = "02e0d21255c828d6f128a1e41534206671e8c3ea0c62f32291e808dc82cff17d"
dependencies = [
 "num-traits",
]

[[package]]
name = "num-integer"
version = "0.1.45"
source = "registry+https://github.com/rust-lang/crates.io-index"
checksum = "225d3389fb3509a24c93f5c29eb6bde2586b98d9f016636dff58d7c6f7569cd9"
dependencies = [
 "autocfg 1.1.0",
 "num-traits",
]

[[package]]
name = "num-iter"
version = "0.1.43"
source = "registry+https://github.com/rust-lang/crates.io-index"
checksum = "7d03e6c028c5dc5cac6e2dec0efda81fc887605bb3d884578bb6d6bf7514e252"
dependencies = [
 "autocfg 1.1.0",
 "num-integer",
 "num-traits",
]

[[package]]
name = "num-rational"
version = "0.2.4"
source = "registry+https://github.com/rust-lang/crates.io-index"
checksum = "5c000134b5dbf44adc5cb772486d335293351644b801551abe8f75c84cfa4aef"
dependencies = [
 "autocfg 1.1.0",
 "num-integer",
 "num-traits",
]

[[package]]
name = "num-rational"
version = "0.4.1"
source = "registry+https://github.com/rust-lang/crates.io-index"
checksum = "0638a1c9d0a3c0914158145bc76cff373a75a627e6ecbfb71cbe6f453a5a19b0"
dependencies = [
 "autocfg 1.1.0",
 "num-bigint",
 "num-integer",
 "num-traits",
]

[[package]]
name = "num-traits"
version = "0.2.15"
source = "registry+https://github.com/rust-lang/crates.io-index"
checksum = "578ede34cf02f8924ab9447f50c28075b4d3e5b269972345e7e0372b38c6cdcd"
dependencies = [
 "autocfg 1.1.0",
 "libm",
]

[[package]]
name = "num_cpus"
version = "1.11.0"
source = "registry+https://github.com/rust-lang/crates.io-index"
checksum = "155394f924cdddf08149da25bfb932d226b4a593ca7468b08191ff6335941af5"
dependencies = [
 "hermit-abi",
 "libc",
]

[[package]]
name = "once_cell"
version = "1.17.1"
source = "registry+https://github.com/rust-lang/crates.io-index"
checksum = "b7e5500299e16ebb147ae15a00a942af264cf3688f47923b8fc2cd5858f23ad3"

[[package]]
name = "os_str_bytes"
version = "6.5.0"
source = "registry+https://github.com/rust-lang/crates.io-index"
checksum = "ceedf44fb00f2d1984b0bc98102627ce622e083e49a5bacdb3e514fa4238e267"

[[package]]
name = "parking_lot"
version = "0.12.1"
source = "registry+https://github.com/rust-lang/crates.io-index"
checksum = "3742b2c103b9f06bc9fff0a37ff4912935851bee6d36f3c02bcc755bcfec228f"
dependencies = [
 "lock_api",
 "parking_lot_core",
]

[[package]]
name = "parking_lot_core"
version = "0.9.7"
source = "registry+https://github.com/rust-lang/crates.io-index"
checksum = "9069cbb9f99e3a5083476ccb29ceb1de18b9118cafa53e90c9551235de2b9521"
dependencies = [
 "cfg-if 1.0.0",
 "libc",
 "redox_syscall",
 "smallvec",
 "windows-sys",
]

[[package]]
name = "peeking_take_while"
version = "0.1.2"
source = "registry+https://github.com/rust-lang/crates.io-index"
checksum = "19b17cddbe7ec3f8bc800887bab5e717348c95ea2ca0b1bf0837fb964dc67099"

[[package]]
name = "pkg-config"
version = "0.3.17"
source = "registry+https://github.com/rust-lang/crates.io-index"
checksum = "05da548ad6865900e60eaba7f589cc0783590a92e940c26953ff81ddbab2d677"

[[package]]
name = "proc-macro2"
version = "1.0.6"
source = "registry+https://github.com/rust-lang/crates.io-index"
checksum = "9c9e470a8dc4aeae2dee2f335e8f533e2d4b347e1434e5671afc49b054592f27"
dependencies = [
 "unicode-xid",
]

[[package]]
name = "quote"
version = "1.0.2"
source = "registry+https://github.com/rust-lang/crates.io-index"
checksum = "053a8c8bcc71fcce321828dc897a98ab9760bef03a4fc36693c231e5b3216cfe"
dependencies = [
 "proc-macro2",
]

[[package]]
name = "rand"
version = "0.6.5"
source = "registry+https://github.com/rust-lang/crates.io-index"
checksum = "6d71dacdc3c88c1fde3885a3be3fbab9f35724e6ce99467f7d9c5026132184ca"
dependencies = [
 "autocfg 0.1.8",
 "libc",
 "rand_chacha",
 "rand_core 0.4.2",
 "rand_hc",
 "rand_isaac",
 "rand_jitter",
 "rand_os",
 "rand_pcg",
 "rand_xorshift",
 "winapi",
]

[[package]]
name = "rand_chacha"
version = "0.1.1"
source = "registry+https://github.com/rust-lang/crates.io-index"
checksum = "556d3a1ca6600bfcbab7c7c91ccb085ac7fbbcd70e008a98742e7847f4f7bcef"
dependencies = [
 "autocfg 0.1.8",
 "rand_core 0.3.1",
]

[[package]]
name = "rand_core"
version = "0.3.1"
source = "registry+https://github.com/rust-lang/crates.io-index"
checksum = "7a6fdeb83b075e8266dcc8762c22776f6877a63111121f5f8c7411e5be7eed4b"
dependencies = [
 "rand_core 0.4.2",
]

[[package]]
name = "rand_core"
version = "0.4.2"
source = "registry+https://github.com/rust-lang/crates.io-index"
checksum = "9c33a3c44ca05fa6f1807d8e6743f3824e8509beca625669633be0acbdf509dc"

[[package]]
name = "rand_hc"
version = "0.1.0"
source = "registry+https://github.com/rust-lang/crates.io-index"
checksum = "7b40677c7be09ae76218dc623efbf7b18e34bced3f38883af07bb75630a21bc4"
dependencies = [
 "rand_core 0.3.1",
]

[[package]]
name = "rand_isaac"
version = "0.1.1"
source = "registry+https://github.com/rust-lang/crates.io-index"
checksum = "ded997c9d5f13925be2a6fd7e66bf1872597f759fd9dd93513dd7e92e5a5ee08"
dependencies = [
 "rand_core 0.3.1",
]

[[package]]
name = "rand_jitter"
version = "0.1.4"
source = "registry+https://github.com/rust-lang/crates.io-index"
checksum = "1166d5c91dc97b88d1decc3285bb0a99ed84b05cfd0bc2341bdf2d43fc41e39b"
dependencies = [
 "libc",
 "rand_core 0.4.2",
 "winapi",
]

[[package]]
name = "rand_os"
version = "0.1.3"
source = "registry+https://github.com/rust-lang/crates.io-index"
checksum = "7b75f676a1e053fc562eafbb47838d67c84801e38fc1ba459e8f180deabd5071"
dependencies = [
 "cloudabi",
 "fuchsia-cprng",
 "libc",
 "rand_core 0.4.2",
 "rdrand",
 "winapi",
]

[[package]]
name = "rand_pcg"
version = "0.1.2"
source = "registry+https://github.com/rust-lang/crates.io-index"
checksum = "abf9b09b01790cfe0364f52bf32995ea3c39f4d2dd011eac241d2914146d0b44"
dependencies = [
 "autocfg 0.1.8",
 "rand_core 0.4.2",
]

[[package]]
name = "rand_xorshift"
version = "0.1.1"
source = "registry+https://github.com/rust-lang/crates.io-index"
checksum = "cbf7e9e623549b0e21f6e97cf8ecf247c1a8fd2e8a992ae265314300b2455d5c"
dependencies = [
 "rand_core 0.3.1",
]

[[package]]
name = "rawpointer"
version = "0.2.1"
source = "registry+https://github.com/rust-lang/crates.io-index"
checksum = "60a357793950651c4ed0f3f52338f53b2f809f32d83a07f72909fa13e4c6c1e3"

[[package]]
name = "rayon"
version = "1.2.0"
source = "registry+https://github.com/rust-lang/crates.io-index"
checksum = "83a27732a533a1be0a0035a111fe76db89ad312f6f0347004c220c57f209a123"
dependencies = [
 "crossbeam-deque",
 "either",
 "rayon-core",
]

[[package]]
name = "rayon-core"
version = "1.6.0"
source = "registry+https://github.com/rust-lang/crates.io-index"
checksum = "98dcf634205083b17d0861252431eb2acbfb698ab7478a2d20de07954f47ec7b"
dependencies = [
 "crossbeam-deque",
 "crossbeam-queue",
 "crossbeam-utils",
 "lazy_static",
 "num_cpus",
]

[[package]]
name = "rdrand"
version = "0.4.0"
source = "registry+https://github.com/rust-lang/crates.io-index"
checksum = "678054eb77286b51581ba43620cc911abf02758c91f93f479767aed0f90458b2"
dependencies = [
 "rand_core 0.3.1",
]

[[package]]
name = "redox_syscall"
version = "0.2.16"
source = "registry+https://github.com/rust-lang/crates.io-index"
checksum = "fb5a58c1855b4b6819d59012155603f0b22ad30cad752600aadfcb695265519a"
dependencies = [
 "bitflags",
]

[[package]]
name = "regex"
version = "1.3.1"
source = "registry+https://github.com/rust-lang/crates.io-index"
checksum = "dc220bd33bdce8f093101afe22a037b8eb0e5af33592e6a9caafff0d4cb81cbd"
dependencies = [
 "aho-corasick",
 "memchr",
 "regex-syntax",
 "thread_local",
]

[[package]]
name = "regex-syntax"
version = "0.6.12"
source = "registry+https://github.com/rust-lang/crates.io-index"
checksum = "11a7e20d1cce64ef2fed88b66d347f88bd9babb82845b2b858f3edbf59a4f716"

[[package]]
name = "rustc-hash"
version = "1.1.0"
source = "registry+https://github.com/rust-lang/crates.io-index"
checksum = "08d43f7aa6b08d49f382cde6a7982047c3426db949b1424bc4b7ec9ae12c6ce2"

[[package]]
name = "rustc_version"
version = "0.2.3"
source = "registry+https://github.com/rust-lang/crates.io-index"
checksum = "138e3e0acb6c9fb258b19b67cb8abd63c00679d2851805ea151465464fe9030a"
dependencies = [
 "semver",
]

[[package]]
name = "scopeguard"
version = "1.1.0"
source = "registry+https://github.com/rust-lang/crates.io-index"
checksum = "d29ab0c6d3fc0ee92fe66e2d99f700eab17a8d57d1c1d3b748380fb20baa78cd"

[[package]]
name = "sdl2"
version = "0.35.2"
source = "registry+https://github.com/rust-lang/crates.io-index"
checksum = "f7959277b623f1fb9e04aea73686c3ca52f01b2145f8ea16f4ff30d8b7623b1a"
dependencies = [
 "bitflags",
 "lazy_static",
 "libc",
 "sdl2-sys",
]

[[package]]
name = "sdl2-sys"
version = "0.35.2"
source = "registry+https://github.com/rust-lang/crates.io-index"
checksum = "e3586be2cf6c0a8099a79a12b4084357aa9b3e0b0d7980e3b67aaf7a9d55f9f0"
dependencies = [
 "cfg-if 1.0.0",
 "libc",
 "version-compare",
]

[[package]]
name = "seahash"
version = "4.1.0"
source = "registry+https://github.com/rust-lang/crates.io-index"
checksum = "1c107b6f4780854c8b126e228ea8869f4d7b71260f962fefb57b996b8959ba6b"

[[package]]
name = "semver"
version = "0.9.0"
source = "registry+https://github.com/rust-lang/crates.io-index"
checksum = "1d7eb9ef2c18661902cc47e535f9bc51b78acd254da71d375c2f6720d9a40403"
dependencies = [
 "semver-parser",
]

[[package]]
name = "semver-parser"
version = "0.7.0"
source = "registry+https://github.com/rust-lang/crates.io-index"
checksum = "388a1df253eca08550bef6c72392cfe7c30914bf41df5269b68cbd6ff8f570a3"

[[package]]
name = "shlex"
version = "1.1.0"
source = "registry+https://github.com/rust-lang/crates.io-index"
checksum = "43b2853a4d09f215c24cc5489c992ce46052d359b5109343cbafbf26bc62f8a3"

[[package]]
name = "smallvec"
version = "1.10.0"
source = "registry+https://github.com/rust-lang/crates.io-index"
checksum = "a507befe795404456341dfab10cef66ead4c041f62b8b11bbb92bffe5d0953e0"

[[package]]
name = "strsim"
version = "0.8.0"
source = "registry+https://github.com/rust-lang/crates.io-index"
checksum = "8ea5119cdb4c55b55d432abb513a0429384878c15dde60cc77b1c99de1a95a6a"

[[package]]
name = "strsim"
version = "0.10.0"
source = "registry+https://github.com/rust-lang/crates.io-index"
checksum = "73473c0e59e6d5812c5dfe2a064a6444949f089e20eec9a2e5506596494e4623"

[[package]]
name = "syn"
version = "1.0.7"
source = "registry+https://github.com/rust-lang/crates.io-index"
checksum = "0e7bedb3320d0f3035594b0b723c8a28d7d336a3eda3881db79e61d676fb644c"
dependencies = [
 "proc-macro2",
 "quote",
 "unicode-xid",
]

[[package]]
name = "termcolor"
version = "1.2.0"
source = "registry+https://github.com/rust-lang/crates.io-index"
checksum = "be55cf8942feac5c765c2c993422806843c9a9a45d4d5c407ad6dd2ea95eb9b6"
dependencies = [
 "winapi-util",
]

[[package]]
name = "textwrap"
version = "0.11.0"
source = "registry+https://github.com/rust-lang/crates.io-index"
checksum = "d326610f408c7a4eb6f51c37c330e496b08506c9457c9d34287ecc38809fb060"
dependencies = [
 "unicode-width",
]

[[package]]
name = "textwrap"
version = "0.16.0"
source = "registry+https://github.com/rust-lang/crates.io-index"
checksum = "222a222a5bfe1bba4a77b45ec488a741b3cb8872e5e499451fd7d0129c9c7c3d"

[[package]]
name = "thread_local"
version = "0.3.6"
source = "registry+https://github.com/rust-lang/crates.io-index"
checksum = "c6b53e329000edc2b34dbe8545fd20e55a333362d0a321909685a19bd28c3f1b"
dependencies = [
 "lazy_static",
]

[[package]]
name = "typenum"
version = "1.16.0"
source = "registry+https://github.com/rust-lang/crates.io-index"
checksum = "497961ef93d974e23eb6f433eb5fe1b7930b659f06d12dec6fc44a8f554c0bba"

[[package]]
name = "unicode-width"
version = "0.1.10"
source = "registry+https://github.com/rust-lang/crates.io-index"
checksum = "c0edd1e5b14653f783770bce4a4dabb4a5108a5370a5f5d8cfe8710c361f6c8b"

[[package]]
name = "unicode-xid"
version = "0.2.0"
source = "registry+https://github.com/rust-lang/crates.io-index"
checksum = "826e7639553986605ec5979c7dd957c7895e93eabed50ab2ffa7f6128a75097c"

[[package]]
name = "vec_map"
version = "0.8.2"
source = "registry+https://github.com/rust-lang/crates.io-index"
checksum = "f1bddf1187be692e79c5ffeab891132dfb0f236ed36a43c7ed39f1165ee20191"

[[package]]
name = "version-compare"
version = "0.1.1"
source = "registry+https://github.com/rust-lang/crates.io-index"
checksum = "579a42fc0b8e0c63b76519a339be31bed574929511fa53c1a3acae26eb258f29"

[[package]]
name = "version_check"
version = "0.9.4"
source = "registry+https://github.com/rust-lang/crates.io-index"
checksum = "49874b5167b65d7193b8aba1567f5c7d93d001cafc34600cee003eda787e483f"

[[package]]
name = "which"
version = "4.4.0"
source = "registry+https://github.com/rust-lang/crates.io-index"
checksum = "2441c784c52b289a054b7201fc93253e288f094e2f4be9058343127c4226a269"
dependencies = [
 "either",
 "libc",
 "once_cell",
]

[[package]]
name = "winapi"
version = "0.3.8"
source = "registry+https://github.com/rust-lang/crates.io-index"
checksum = "8093091eeb260906a183e6ae1abdba2ef5ef2257a21801128899c3fc699229c6"
dependencies = [
 "winapi-i686-pc-windows-gnu",
 "winapi-x86_64-pc-windows-gnu",
]

[[package]]
name = "winapi-i686-pc-windows-gnu"
version = "0.4.0"
source = "registry+https://github.com/rust-lang/crates.io-index"
checksum = "ac3b87c63620426dd9b991e5ce0329eff545bccbbb34f3be09ff6fb6ab51b7b6"

[[package]]
name = "winapi-util"
version = "0.1.5"
source = "registry+https://github.com/rust-lang/crates.io-index"
checksum = "70ec6ce85bb158151cae5e5c87f95a8e97d2c0c4b001223f33a334e3ce5de178"
dependencies = [
 "winapi",
]

[[package]]
name = "winapi-x86_64-pc-windows-gnu"
version = "0.4.0"
source = "registry+https://github.com/rust-lang/crates.io-index"
checksum = "712e227841d057c1ee1cd2fb22fa7e5a5461ae8e48fa2ca79ec42cfc1931183f"

[[package]]
name = "windows-sys"
version = "0.45.0"
source = "registry+https://github.com/rust-lang/crates.io-index"
checksum = "75283be5efb2831d37ea142365f009c02ec203cd29a3ebecbc093d52315b66d0"
dependencies = [
 "windows-targets",
]

[[package]]
name = "windows-targets"
version = "0.42.2"
source = "registry+https://github.com/rust-lang/crates.io-index"
checksum = "8e5180c00cd44c9b1c88adb3693291f1cd93605ded80c250a75d472756b4d071"
dependencies = [
 "windows_aarch64_gnullvm",
 "windows_aarch64_msvc",
 "windows_i686_gnu",
 "windows_i686_msvc",
 "windows_x86_64_gnu",
 "windows_x86_64_gnullvm",
 "windows_x86_64_msvc",
]

[[package]]
name = "windows_aarch64_gnullvm"
version = "0.42.2"
source = "registry+https://github.com/rust-lang/crates.io-index"
checksum = "597a5118570b68bc08d8d59125332c54f1ba9d9adeedeef5b99b02ba2b0698f8"

[[package]]
name = "windows_aarch64_msvc"
version = "0.42.2"
source = "registry+https://github.com/rust-lang/crates.io-index"
checksum = "e08e8864a60f06ef0d0ff4ba04124db8b0fb3be5776a5cd47641e942e58c4d43"

[[package]]
name = "windows_i686_gnu"
version = "0.42.2"
source = "registry+https://github.com/rust-lang/crates.io-index"
checksum = "c61d927d8da41da96a81f029489353e68739737d3beca43145c8afec9a31a84f"

[[package]]
name = "windows_i686_msvc"
version = "0.42.2"
source = "registry+https://github.com/rust-lang/crates.io-index"
checksum = "44d840b6ec649f480a41c8d80f9c65108b92d89345dd94027bfe06ac444d1060"

[[package]]
name = "windows_x86_64_gnu"
version = "0.42.2"
source = "registry+https://github.com/rust-lang/crates.io-index"
checksum = "8de912b8b8feb55c064867cf047dda097f92d51efad5b491dfb98f6bbb70cb36"

[[package]]
name = "windows_x86_64_gnullvm"
version = "0.42.2"
source = "registry+https://github.com/rust-lang/crates.io-index"
checksum = "26d41b46a36d453748aedef1486d5c7a85db22e56aff34643984ea85514e94a3"

[[package]]
name = "windows_x86_64_msvc"
version = "0.42.2"
source = "registry+https://github.com/rust-lang/crates.io-index"
checksum = "9aec5da331524158c6d1a4ac0ab1541149c0b9505fde06423b02f5ef0106b9f0"
